
Microsoft Visual Studio Solution File, Format Version 12.00
# Visual Studio Version 17
VisualStudioVersion = 17.9.34728.123
MinimumVisualStudioVersion = 10.0.40219.1
Project("{FAE04EC0-301F-11D3-BF4B-00C04F79EFBC}") = "ConsoleApp_Timer", "ConsoleApp_Timer\ConsoleApp_Timer.csproj", "{C85A9758-5F0C-4258-BE97-9BCBF089A6BB}"
EndProject
Global
	GlobalSection(SolutionConfigurationPlatforms) = preSolution
		Debug|Any CPU = Debug|Any CPU
		Release|Any CPU = Release|Any CPU
	EndGlobalSection
	GlobalSection(ProjectConfigurationPlatforms) = postSolution
		{C85A9758-5F0C-4258-BE97-9BCBF089A6BB}.Debug|Any CPU.ActiveCfg = Debug|Any CPU
		{C85A9758-5F0C-4258-BE97-9BCBF089A6BB}.Debug|Any CPU.Build.0 = Debug|Any CPU
		{C85A9758-5F0C-4258-BE97-9BCBF089A6BB}.Release|Any CPU.ActiveCfg = Release|Any CPU
		{C85A9758-5F0C-4258-BE97-9BCBF089A6BB}.Release|Any CPU.Build.0 = Release|Any CPU
	EndGlobalSection
	GlobalSection(SolutionProperties) = preSolution
		HideSolutionNode = FALSE
	EndGlobalSection
	GlobalSection(ExtensibilityGlobals) = postSolution
		SolutionGuid = {609B404E-1F01-4FC9-8A03-38FB3EC3E4A9}
	EndGlobalSection
EndGlobal
